// !$*UTF8*$!
{
	archiveVersion = 1;
	classes = {
	};
	objectVersion = 50;
	objects = {

/* Begin PBXBuildFile section */
		04EA845625DC237F00B68C48 /* AppDelegate.swift in Sources */ = {isa = PBXBuildFile; fileRef = 04EA845525DC237F00B68C48 /* AppDelegate.swift */; };
		04EA845825DC237F00B68C48 /* SceneDelegate.swift in Sources */ = {isa = PBXBuildFile; fileRef = 04EA845725DC237F00B68C48 /* SceneDelegate.swift */; };
		04EA845A25DC237F00B68C48 /* ViewController.swift in Sources */ = {isa = PBXBuildFile; fileRef = 04EA845925DC237F00B68C48 /* ViewController.swift */; };
		04EA845D25DC237F00B68C48 /* Main.storyboard in Resources */ = {isa = PBXBuildFile; fileRef = 04EA845B25DC237F00B68C48 /* Main.storyboard */; };
		04EA845F25DC238000B68C48 /* Assets.xcassets in Resources */ = {isa = PBXBuildFile; fileRef = 04EA845E25DC238000B68C48 /* Assets.xcassets */; };
		04EA846225DC238000B68C48 /* LaunchScreen.storyboard in Resources */ = {isa = PBXBuildFile; fileRef = 04EA846025DC238000B68C48 /* LaunchScreen.storyboard */; };
		04EA846D25DC238000B68C48 /* BeverbendeTests.swift in Sources */ = {isa = PBXBuildFile; fileRef = 04EA846C25DC238000B68C48 /* BeverbendeTests.swift */; };
		04EA847825DC238000B68C48 /* BeverbendeUITests.swift in Sources */ = {isa = PBXBuildFile; fileRef = 04EA847725DC238000B68C48 /* BeverbendeUITests.swift */; };
/* End PBXBuildFile section */

/* Begin PBXContainerItemProxy section */
		04EA846925DC238000B68C48 /* PBXContainerItemProxy */ = {
			isa = PBXContainerItemProxy;
			containerPortal = 04EA844A25DC237F00B68C48 /* Project object */;
			proxyType = 1;
			remoteGlobalIDString = 04EA845125DC237F00B68C48;
			remoteInfo = Beverbende;
		};
		04EA847425DC238000B68C48 /* PBXContainerItemProxy */ = {
			isa = PBXContainerItemProxy;
			containerPortal = 04EA844A25DC237F00B68C48 /* Project object */;
			proxyType = 1;
			remoteGlobalIDString = 04EA845125DC237F00B68C48;
			remoteInfo = Beverbende;
		};
/* End PBXContainerItemProxy section */

/* Begin PBXFileReference section */
		04EA845225DC237F00B68C48 /* Beverbende.app */ = {isa = PBXFileReference; explicitFileType = wrapper.application; includeInIndex = 0; path = Beverbende.app; sourceTree = BUILT_PRODUCTS_DIR; };
		04EA845525DC237F00B68C48 /* AppDelegate.swift */ = {isa = PBXFileReference; lastKnownFileType = sourcecode.swift; path = AppDelegate.swift; sourceTree = "<group>"; };
		04EA845725DC237F00B68C48 /* SceneDelegate.swift */ = {isa = PBXFileReference; lastKnownFileType = sourcecode.swift; path = SceneDelegate.swift; sourceTree = "<group>"; };
		04EA845925DC237F00B68C48 /* ViewController.swift */ = {isa = PBXFileReference; lastKnownFileType = sourcecode.swift; path = ViewController.swift; sourceTree = "<group>"; };
		04EA845C25DC237F00B68C48 /* Base */ = {isa = PBXFileReference; lastKnownFileType = file.storyboard; name = Base; path = Base.lproj/Main.storyboard; sourceTree = "<group>"; };
		04EA845E25DC238000B68C48 /* Assets.xcassets */ = {isa = PBXFileReference; lastKnownFileType = folder.assetcatalog; path = Assets.xcassets; sourceTree = "<group>"; };
		04EA846125DC238000B68C48 /* Base */ = {isa = PBXFileReference; lastKnownFileType = file.storyboard; name = Base; path = Base.lproj/LaunchScreen.storyboard; sourceTree = "<group>"; };
		04EA846325DC238000B68C48 /* Info.plist */ = {isa = PBXFileReference; lastKnownFileType = text.plist.xml; path = Info.plist; sourceTree = "<group>"; };
		04EA846825DC238000B68C48 /* BeverbendeTests.xctest */ = {isa = PBXFileReference; explicitFileType = wrapper.cfbundle; includeInIndex = 0; path = BeverbendeTests.xctest; sourceTree = BUILT_PRODUCTS_DIR; };
		04EA846C25DC238000B68C48 /* BeverbendeTests.swift */ = {isa = PBXFileReference; lastKnownFileType = sourcecode.swift; path = BeverbendeTests.swift; sourceTree = "<group>"; };
		04EA846E25DC238000B68C48 /* Info.plist */ = {isa = PBXFileReference; lastKnownFileType = text.plist.xml; path = Info.plist; sourceTree = "<group>"; };
		04EA847325DC238000B68C48 /* BeverbendeUITests.xctest */ = {isa = PBXFileReference; explicitFileType = wrapper.cfbundle; includeInIndex = 0; path = BeverbendeUITests.xctest; sourceTree = BUILT_PRODUCTS_DIR; };
		04EA847725DC238000B68C48 /* BeverbendeUITests.swift */ = {isa = PBXFileReference; lastKnownFileType = sourcecode.swift; path = BeverbendeUITests.swift; sourceTree = "<group>"; };
		04EA847925DC238000B68C48 /* Info.plist */ = {isa = PBXFileReference; lastKnownFileType = text.plist.xml; path = Info.plist; sourceTree = "<group>"; };
/* End PBXFileReference section */

/* Begin PBXFrameworksBuildPhase section */
		04EA844F25DC237F00B68C48 /* Frameworks */ = {
			isa = PBXFrameworksBuildPhase;
			buildActionMask = 2147483647;
			files = (
			);
			runOnlyForDeploymentPostprocessing = 0;
		};
		04EA846525DC238000B68C48 /* Frameworks */ = {
			isa = PBXFrameworksBuildPhase;
			buildActionMask = 2147483647;
			files = (
			);
			runOnlyForDeploymentPostprocessing = 0;
		};
		04EA847025DC238000B68C48 /* Frameworks */ = {
			isa = PBXFrameworksBuildPhase;
			buildActionMask = 2147483647;
			files = (
			);
			runOnlyForDeploymentPostprocessing = 0;
		};
/* End PBXFrameworksBuildPhase section */

/* Begin PBXGroup section */
		04EA844925DC237F00B68C48 = {
			isa = PBXGroup;
			children = (
				04EA845425DC237F00B68C48 /* Beverbende */,
				04EA846B25DC238000B68C48 /* BeverbendeTests */,
				04EA847625DC238000B68C48 /* BeverbendeUITests */,
				04EA845325DC237F00B68C48 /* Products */,
			);
			sourceTree = "<group>";
		};
		04EA845325DC237F00B68C48 /* Products */ = {
			isa = PBXGroup;
			children = (
				04EA845225DC237F00B68C48 /* Beverbende.app */,
				04EA846825DC238000B68C48 /* BeverbendeTests.xctest */,
				04EA847325DC238000B68C48 /* BeverbendeUITests.xctest */,
			);
			name = Products;
			sourceTree = "<group>";
		};
		04EA845425DC237F00B68C48 /* Beverbende */ = {
			isa = PBXGroup;
			children = (
				04EA848825DC243E00B68C48 /* Supporting Files */,
				04EA845925DC237F00B68C48 /* ViewController.swift */,
				04EA845B25DC237F00B68C48 /* Main.storyboard */,
				04EA846025DC238000B68C48 /* LaunchScreen.storyboard */,
				04EA846325DC238000B68C48 /* Info.plist */,
			);
			path = Beverbende;
			sourceTree = "<group>";
		};
		04EA846B25DC238000B68C48 /* BeverbendeTests */ = {
			isa = PBXGroup;
			children = (
				04EA846C25DC238000B68C48 /* BeverbendeTests.swift */,
				04EA846E25DC238000B68C48 /* Info.plist */,
			);
			path = BeverbendeTests;
			sourceTree = "<group>";
		};
		04EA847625DC238000B68C48 /* BeverbendeUITests */ = {
			isa = PBXGroup;
			children = (
				04EA847725DC238000B68C48 /* BeverbendeUITests.swift */,
				04EA847925DC238000B68C48 /* Info.plist */,
			);
			path = BeverbendeUITests;
			sourceTree = "<group>";
		};
		04EA848825DC243E00B68C48 /* Supporting Files */ = {
			isa = PBXGroup;
			children = (
				04EA845E25DC238000B68C48 /* Assets.xcassets */,
				04EA845525DC237F00B68C48 /* AppDelegate.swift */,
				04EA845725DC237F00B68C48 /* SceneDelegate.swift */,
			);
			path = "Supporting Files";
			sourceTree = "<group>";
		};
/* End PBXGroup section */

/* Begin PBXNativeTarget section */
		04EA845125DC237F00B68C48 /* Beverbende */ = {
			isa = PBXNativeTarget;
			buildConfigurationList = 04EA847C25DC238000B68C48 /* Build configuration list for PBXNativeTarget "Beverbende" */;
			buildPhases = (
				04EA844E25DC237F00B68C48 /* Sources */,
				04EA844F25DC237F00B68C48 /* Frameworks */,
				04EA845025DC237F00B68C48 /* Resources */,
			);
			buildRules = (
			);
			dependencies = (
			);
			name = Beverbende;
			productName = Beverbende;
			productReference = 04EA845225DC237F00B68C48 /* Beverbende.app */;
			productType = "com.apple.product-type.application";
		};
		04EA846725DC238000B68C48 /* BeverbendeTests */ = {
			isa = PBXNativeTarget;
			buildConfigurationList = 04EA847F25DC238000B68C48 /* Build configuration list for PBXNativeTarget "BeverbendeTests" */;
			buildPhases = (
				04EA846425DC238000B68C48 /* Sources */,
				04EA846525DC238000B68C48 /* Frameworks */,
				04EA846625DC238000B68C48 /* Resources */,
			);
			buildRules = (
			);
			dependencies = (
				04EA846A25DC238000B68C48 /* PBXTargetDependency */,
			);
			name = BeverbendeTests;
			productName = BeverbendeTests;
			productReference = 04EA846825DC238000B68C48 /* BeverbendeTests.xctest */;
			productType = "com.apple.product-type.bundle.unit-test";
		};
		04EA847225DC238000B68C48 /* BeverbendeUITests */ = {
			isa = PBXNativeTarget;
			buildConfigurationList = 04EA848225DC238000B68C48 /* Build configuration list for PBXNativeTarget "BeverbendeUITests" */;
			buildPhases = (
				04EA846F25DC238000B68C48 /* Sources */,
				04EA847025DC238000B68C48 /* Frameworks */,
				04EA847125DC238000B68C48 /* Resources */,
			);
			buildRules = (
			);
			dependencies = (
				04EA847525DC238000B68C48 /* PBXTargetDependency */,
			);
			name = BeverbendeUITests;
			productName = BeverbendeUITests;
			productReference = 04EA847325DC238000B68C48 /* BeverbendeUITests.xctest */;
			productType = "com.apple.product-type.bundle.ui-testing";
		};
/* End PBXNativeTarget section */

/* Begin PBXProject section */
		04EA844A25DC237F00B68C48 /* Project object */ = {
			isa = PBXProject;
			attributes = {
				LastSwiftUpdateCheck = 1240;
				LastUpgradeCheck = 1240;
				TargetAttributes = {
					04EA845125DC237F00B68C48 = {
						CreatedOnToolsVersion = 12.4;
					};
					04EA846725DC238000B68C48 = {
						CreatedOnToolsVersion = 12.4;
						TestTargetID = 04EA845125DC237F00B68C48;
					};
					04EA847225DC238000B68C48 = {
						CreatedOnToolsVersion = 12.4;
						TestTargetID = 04EA845125DC237F00B68C48;
					};
				};
			};
			buildConfigurationList = 04EA844D25DC237F00B68C48 /* Build configuration list for PBXProject "Beverbende" */;
			compatibilityVersion = "Xcode 9.3";
			developmentRegion = en;
			hasScannedForEncodings = 0;
			knownRegions = (
				en,
				Base,
			);
			mainGroup = 04EA844925DC237F00B68C48;
			productRefGroup = 04EA845325DC237F00B68C48 /* Products */;
			projectDirPath = "";
			projectRoot = "";
			targets = (
				04EA845125DC237F00B68C48 /* Beverbende */,
				04EA846725DC238000B68C48 /* BeverbendeTests */,
				04EA847225DC238000B68C48 /* BeverbendeUITests */,
			);
		};
/* End PBXProject section */

/* Begin PBXResourcesBuildPhase section */
		04EA845025DC237F00B68C48 /* Resources */ = {
			isa = PBXResourcesBuildPhase;
			buildActionMask = 2147483647;
			files = (
				04EA846225DC238000B68C48 /* LaunchScreen.storyboard in Resources */,
				04EA845F25DC238000B68C48 /* Assets.xcassets in Resources */,
				04EA845D25DC237F00B68C48 /* Main.storyboard in Resources */,
			);
			runOnlyForDeploymentPostprocessing = 0;
		};
		04EA846625DC238000B68C48 /* Resources */ = {
			isa = PBXResourcesBuildPhase;
			buildActionMask = 2147483647;
			files = (
			);
			runOnlyForDeploymentPostprocessing = 0;
		};
		04EA847125DC238000B68C48 /* Resources */ = {
			isa = PBXResourcesBuildPhase;
			buildActionMask = 2147483647;
			files = (
			);
			runOnlyForDeploymentPostprocessing = 0;
		};
/* End PBXResourcesBuildPhase section */

/* Begin PBXSourcesBuildPhase section */
		04EA844E25DC237F00B68C48 /* Sources */ = {
			isa = PBXSourcesBuildPhase;
			buildActionMask = 2147483647;
			files = (
				04EA845A25DC237F00B68C48 /* ViewController.swift in Sources */,
				04EA845625DC237F00B68C48 /* AppDelegate.swift in Sources */,
				04EA845825DC237F00B68C48 /* SceneDelegate.swift in Sources */,
			);
			runOnlyForDeploymentPostprocessing = 0;
		};
		04EA846425DC238000B68C48 /* Sources */ = {
			isa = PBXSourcesBuildPhase;
			buildActionMask = 2147483647;
			files = (
				04EA846D25DC238000B68C48 /* BeverbendeTests.swift in Sources */,
			);
			runOnlyForDeploymentPostprocessing = 0;
		};
		04EA846F25DC238000B68C48 /* Sources */ = {
			isa = PBXSourcesBuildPhase;
			buildActionMask = 2147483647;
			files = (
				04EA847825DC238000B68C48 /* BeverbendeUITests.swift in Sources */,
			);
			runOnlyForDeploymentPostprocessing = 0;
		};
/* End PBXSourcesBuildPhase section */

/* Begin PBXTargetDependency section */
		04EA846A25DC238000B68C48 /* PBXTargetDependency */ = {
			isa = PBXTargetDependency;
			target = 04EA845125DC237F00B68C48 /* Beverbende */;
			targetProxy = 04EA846925DC238000B68C48 /* PBXContainerItemProxy */;
		};
		04EA847525DC238000B68C48 /* PBXTargetDependency */ = {
			isa = PBXTargetDependency;
			target = 04EA845125DC237F00B68C48 /* Beverbende */;
			targetProxy = 04EA847425DC238000B68C48 /* PBXContainerItemProxy */;
		};
/* End PBXTargetDependency section */

/* Begin PBXVariantGroup section */
		04EA845B25DC237F00B68C48 /* Main.storyboard */ = {
			isa = PBXVariantGroup;
			children = (
				04EA845C25DC237F00B68C48 /* Base */,
			);
			name = Main.storyboard;
			sourceTree = "<group>";
		};
		04EA846025DC238000B68C48 /* LaunchScreen.storyboard */ = {
			isa = PBXVariantGroup;
			children = (
				04EA846125DC238000B68C48 /* Base */,
			);
			name = LaunchScreen.storyboard;
			sourceTree = "<group>";
		};
/* End PBXVariantGroup section */

/* Begin XCBuildConfiguration section */
		04EA847A25DC238000B68C48 /* Debug */ = {
			isa = XCBuildConfiguration;
			buildSettings = {
				ALWAYS_SEARCH_USER_PATHS = NO;
				CLANG_ANALYZER_NONNULL = YES;
				CLANG_ANALYZER_NUMBER_OBJECT_CONVERSION = YES_AGGRESSIVE;
				CLANG_CXX_LANGUAGE_STANDARD = "gnu++14";
				CLANG_CXX_LIBRARY = "libc++";
				CLANG_ENABLE_MODULES = YES;
				CLANG_ENABLE_OBJC_ARC = YES;
				CLANG_ENABLE_OBJC_WEAK = YES;
				CLANG_WARN_BLOCK_CAPTURE_AUTORELEASING = YES;
				CLANG_WARN_BOOL_CONVERSION = YES;
				CLANG_WARN_COMMA = YES;
				CLANG_WARN_CONSTANT_CONVERSION = YES;
				CLANG_WARN_DEPRECATED_OBJC_IMPLEMENTATIONS = YES;
				CLANG_WARN_DIRECT_OBJC_ISA_USAGE = YES_ERROR;
				CLANG_WARN_DOCUMENTATION_COMMENTS = YES;
				CLANG_WARN_EMPTY_BODY = YES;
				CLANG_WARN_ENUM_CONVERSION = YES;
				CLANG_WARN_INFINITE_RECURSION = YES;
				CLANG_WARN_INT_CONVERSION = YES;
				CLANG_WARN_NON_LITERAL_NULL_CONVERSION = YES;
				CLANG_WARN_OBJC_IMPLICIT_RETAIN_SELF = YES;
				CLANG_WARN_OBJC_LITERAL_CONVERSION = YES;
				CLANG_WARN_OBJC_ROOT_CLASS = YES_ERROR;
				CLANG_WARN_QUOTED_INCLUDE_IN_FRAMEWORK_HEADER = YES;
				CLANG_WARN_RANGE_LOOP_ANALYSIS = YES;
				CLANG_WARN_STRICT_PROTOTYPES = YES;
				CLANG_WARN_SUSPICIOUS_MOVE = YES;
				CLANG_WARN_UNGUARDED_AVAILABILITY = YES_AGGRESSIVE;
				CLANG_WARN_UNREACHABLE_CODE = YES;
				CLANG_WARN__DUPLICATE_METHOD_MATCH = YES;
				COPY_PHASE_STRIP = NO;
				DEBUG_INFORMATION_FORMAT = dwarf;
				ENABLE_STRICT_OBJC_MSGSEND = YES;
				ENABLE_TESTABILITY = YES;
				GCC_C_LANGUAGE_STANDARD = gnu11;
				GCC_DYNAMIC_NO_PIC = NO;
				GCC_NO_COMMON_BLOCKS = YES;
				GCC_OPTIMIZATION_LEVEL = 0;
				GCC_PREPROCESSOR_DEFINITIONS = (
					"DEBUG=1",
					"$(inherited)",
				);
				GCC_WARN_64_TO_32_BIT_CONVERSION = YES;
				GCC_WARN_ABOUT_RETURN_TYPE = YES_ERROR;
				GCC_WARN_UNDECLARED_SELECTOR = YES;
				GCC_WARN_UNINITIALIZED_AUTOS = YES_AGGRESSIVE;
				GCC_WARN_UNUSED_FUNCTION = YES;
				GCC_WARN_UNUSED_VARIABLE = YES;
				IPHONEOS_DEPLOYMENT_TARGET = 14.4;
				MTL_ENABLE_DEBUG_INFO = INCLUDE_SOURCE;
				MTL_FAST_MATH = YES;
				ONLY_ACTIVE_ARCH = YES;
				SDKROOT = iphoneos;
				SWIFT_ACTIVE_COMPILATION_CONDITIONS = DEBUG;
				SWIFT_OPTIMIZATION_LEVEL = "-Onone";
			};
			name = Debug;
		};
		04EA847B25DC238000B68C48 /* Release */ = {
			isa = XCBuildConfiguration;
			buildSettings = {
				ALWAYS_SEARCH_USER_PATHS = NO;
				CLANG_ANALYZER_NONNULL = YES;
				CLANG_ANALYZER_NUMBER_OBJECT_CONVERSION = YES_AGGRESSIVE;
				CLANG_CXX_LANGUAGE_STANDARD = "gnu++14";
				CLANG_CXX_LIBRARY = "libc++";
				CLANG_ENABLE_MODULES = YES;
				CLANG_ENABLE_OBJC_ARC = YES;
				CLANG_ENABLE_OBJC_WEAK = YES;
				CLANG_WARN_BLOCK_CAPTURE_AUTORELEASING = YES;
				CLANG_WARN_BOOL_CONVERSION = YES;
				CLANG_WARN_COMMA = YES;
				CLANG_WARN_CONSTANT_CONVERSION = YES;
				CLANG_WARN_DEPRECATED_OBJC_IMPLEMENTATIONS = YES;
				CLANG_WARN_DIRECT_OBJC_ISA_USAGE = YES_ERROR;
				CLANG_WARN_DOCUMENTATION_COMMENTS = YES;
				CLANG_WARN_EMPTY_BODY = YES;
				CLANG_WARN_ENUM_CONVERSION = YES;
				CLANG_WARN_INFINITE_RECURSION = YES;
				CLANG_WARN_INT_CONVERSION = YES;
				CLANG_WARN_NON_LITERAL_NULL_CONVERSION = YES;
				CLANG_WARN_OBJC_IMPLICIT_RETAIN_SELF = YES;
				CLANG_WARN_OBJC_LITERAL_CONVERSION = YES;
				CLANG_WARN_OBJC_ROOT_CLASS = YES_ERROR;
				CLANG_WARN_QUOTED_INCLUDE_IN_FRAMEWORK_HEADER = YES;
				CLANG_WARN_RANGE_LOOP_ANALYSIS = YES;
				CLANG_WARN_STRICT_PROTOTYPES = YES;
				CLANG_WARN_SUSPICIOUS_MOVE = YES;
				CLANG_WARN_UNGUARDED_AVAILABILITY = YES_AGGRESSIVE;
				CLANG_WARN_UNREACHABLE_CODE = YES;
				CLANG_WARN__DUPLICATE_METHOD_MATCH = YES;
				COPY_PHASE_STRIP = NO;
				DEBUG_INFORMATION_FORMAT = "dwarf-with-dsym";
				ENABLE_NS_ASSERTIONS = NO;
				ENABLE_STRICT_OBJC_MSGSEND = YES;
				GCC_C_LANGUAGE_STANDARD = gnu11;
				GCC_NO_COMMON_BLOCKS = YES;
				GCC_WARN_64_TO_32_BIT_CONVERSION = YES;
				GCC_WARN_ABOUT_RETURN_TYPE = YES_ERROR;
				GCC_WARN_UNDECLARED_SELECTOR = YES;
				GCC_WARN_UNINITIALIZED_AUTOS = YES_AGGRESSIVE;
				GCC_WARN_UNUSED_FUNCTION = YES;
				GCC_WARN_UNUSED_VARIABLE = YES;
				IPHONEOS_DEPLOYMENT_TARGET = 14.4;
				MTL_ENABLE_DEBUG_INFO = NO;
				MTL_FAST_MATH = YES;
				SDKROOT = iphoneos;
				SWIFT_COMPILATION_MODE = wholemodule;
				SWIFT_OPTIMIZATION_LEVEL = "-O";
				VALIDATE_PRODUCT = YES;
			};
			name = Release;
		};
		04EA847D25DC238000B68C48 /* Debug */ = {
			isa = XCBuildConfiguration;
			buildSettings = {
				ASSETCATALOG_COMPILER_APPICON_NAME = AppIcon;
				ASSETCATALOG_COMPILER_GLOBAL_ACCENT_COLOR_NAME = AccentColor;
				CODE_SIGN_STYLE = Automatic;
				DEVELOPMENT_TEAM = BX6AAZ8648;
				INFOPLIST_FILE = Beverbende/Info.plist;
				LD_RUNPATH_SEARCH_PATHS = (
					"$(inherited)",
					"@executable_path/Frameworks",
				);
				PRODUCT_BUNDLE_IDENTIFIER = Group1.Beverbende;
				PRODUCT_NAME = "$(TARGET_NAME)";
				SWIFT_VERSION = 5.0;
				TARGETED_DEVICE_FAMILY = "1,2";
			};
			name = Debug;
		};
		04EA847E25DC238000B68C48 /* Release */ = {
			isa = XCBuildConfiguration;
			buildSettings = {
				ASSETCATALOG_COMPILER_APPICON_NAME = AppIcon;
				ASSETCATALOG_COMPILER_GLOBAL_ACCENT_COLOR_NAME = AccentColor;
				CODE_SIGN_STYLE = Automatic;
				DEVELOPMENT_TEAM = BX6AAZ8648;
				INFOPLIST_FILE = Beverbende/Info.plist;
				LD_RUNPATH_SEARCH_PATHS = (
					"$(inherited)",
					"@executable_path/Frameworks",
				);
				PRODUCT_BUNDLE_IDENTIFIER = Group1.Beverbende;
				PRODUCT_NAME = "$(TARGET_NAME)";
				SWIFT_VERSION = 5.0;
				TARGETED_DEVICE_FAMILY = "1,2";
			};
			name = Release;
		};
		04EA848025DC238000B68C48 /* Debug */ = {
			isa = XCBuildConfiguration;
			buildSettings = {
				ALWAYS_EMBED_SWIFT_STANDARD_LIBRARIES = YES;
				BUNDLE_LOADER = "$(TEST_HOST)";
				CODE_SIGN_STYLE = Automatic;
				DEVELOPMENT_TEAM = BX6AAZ8648;
				INFOPLIST_FILE = BeverbendeTests/Info.plist;
				IPHONEOS_DEPLOYMENT_TARGET = 14.4;
				LD_RUNPATH_SEARCH_PATHS = (
					"$(inherited)",
					"@executable_path/Frameworks",
					"@loader_path/Frameworks",
				);
				PRODUCT_BUNDLE_IDENTIFIER = Group1.BeverbendeTests;
				PRODUCT_NAME = "$(TARGET_NAME)";
				SWIFT_VERSION = 5.0;
				TARGETED_DEVICE_FAMILY = "1,2";
				TEST_HOST = "$(BUILT_PRODUCTS_DIR)/Beverbende.app/Beverbende";
			};
			name = Debug;
		};
		04EA848125DC238000B68C48 /* Release */ = {
			isa = XCBuildConfiguration;
			buildSettings = {
				ALWAYS_EMBED_SWIFT_STANDARD_LIBRARIES = YES;
				BUNDLE_LOADER = "$(TEST_HOST)";
				CODE_SIGN_STYLE = Automatic;
				DEVELOPMENT_TEAM = BX6AAZ8648;
				INFOPLIST_FILE = BeverbendeTests/Info.plist;
				IPHONEOS_DEPLOYMENT_TARGET = 14.4;
				LD_RUNPATH_SEARCH_PATHS = (
					"$(inherited)",
					"@executable_path/Frameworks",
					"@loader_path/Frameworks",
				);
				PRODUCT_BUNDLE_IDENTIFIER = Group1.BeverbendeTests;
				PRODUCT_NAME = "$(TARGET_NAME)";
				SWIFT_VERSION = 5.0;
				TARGETED_DEVICE_FAMILY = "1,2";
				TEST_HOST = "$(BUILT_PRODUCTS_DIR)/Beverbende.app/Beverbende";
			};
			name = Release;
		};
		04EA848325DC238000B68C48 /* Debug */ = {
			isa = XCBuildConfiguration;
			buildSettings = {
				ALWAYS_EMBED_SWIFT_STANDARD_LIBRARIES = YES;
				CODE_SIGN_STYLE = Automatic;
				DEVELOPMENT_TEAM = BX6AAZ8648;
				INFOPLIST_FILE = BeverbendeUITests/Info.plist;
				LD_RUNPATH_SEARCH_PATHS = (
					"$(inherited)",
					"@executable_path/Frameworks",
					"@loader_path/Frameworks",
				);
				PRODUCT_BUNDLE_IDENTIFIER = Group1.BeverbendeUITests;
				PRODUCT_NAME = "$(TARGET_NAME)";
				SWIFT_VERSION = 5.0;
				TARGETED_DEVICE_FAMILY = "1,2";
				TEST_TARGET_NAME = Beverbende;
			};
			name = Debug;
		};
		04EA848425DC238000B68C48 /* Release */ = {
			isa = XCBuildConfiguration;
			buildSettings = {
				ALWAYS_EMBED_SWIFT_STANDARD_LIBRARIES = YES;
				CODE_SIGN_STYLE = Automatic;
				DEVELOPMENT_TEAM = BX6AAZ8648;
				INFOPLIST_FILE = BeverbendeUITests/Info.plist;
				LD_RUNPATH_SEARCH_PATHS = (
					"$(inherited)",
					"@executable_path/Frameworks",
					"@loader_path/Frameworks",
				);
				PRODUCT_BUNDLE_IDENTIFIER = Group1.BeverbendeUITests;
				PRODUCT_NAME = "$(TARGET_NAME)";
				SWIFT_VERSION = 5.0;
				TARGETED_DEVICE_FAMILY = "1,2";
				TEST_TARGET_NAME = Beverbende;
			};
			name = Release;
		};
/* End XCBuildConfiguration section */

/* Begin XCConfigurationList section */
		04EA844D25DC237F00B68C48 /* Build configuration list for PBXProject "Beverbende" */ = {
			isa = XCConfigurationList;
			buildConfigurations = (
				04EA847A25DC238000B68C48 /* Debug */,
				04EA847B25DC238000B68C48 /* Release */,
			);
			defaultConfigurationIsVisible = 0;
			defaultConfigurationName = Release;
		};
		04EA847C25DC238000B68C48 /* Build configuration list for PBXNativeTarget "Beverbende" */ = {
			isa = XCConfigurationList;
			buildConfigurations = (
				04EA847D25DC238000B68C48 /* Debug */,
				04EA847E25DC238000B68C48 /* Release */,
			);
			defaultConfigurationIsVisible = 0;
			defaultConfigurationName = Release;
		};
		04EA847F25DC238000B68C48 /* Build configuration list for PBXNativeTarget "BeverbendeTests" */ = {
			isa = XCConfigurationList;
			buildConfigurations = (
				04EA848025DC238000B68C48 /* Debug */,
				04EA848125DC238000B68C48 /* Release */,
			);
			defaultConfigurationIsVisible = 0;
			defaultConfigurationName = Release;
		};
		04EA848225DC238000B68C48 /* Build configuration list for PBXNativeTarget "BeverbendeUITests" */ = {
			isa = XCConfigurationList;
			buildConfigurations = (
				04EA848325DC238000B68C48 /* Debug */,
				04EA848425DC238000B68C48 /* Release */,
			);
			defaultConfigurationIsVisible = 0;
			defaultConfigurationName = Release;
		};
/* End XCConfigurationList section */
	};
	rootObject = 04EA844A25DC237F00B68C48 /* Project object */;
}
