// !$*UTF8*$!
{
	archiveVersion = 1;
	classes = {
	};
	objectVersion = 50;
	objects = {

/* Begin PBXBuildFile section */
		04EA845625DC237F00B68C48 /* AppDelegate.swift in Sources */ = {isa = PBXBuildFile; fileRef = 04EA845525DC237F00B68C48 /* AppDelegate.swift */; };
		04EA845825DC237F00B68C48 /* SceneDelegate.swift in Sources */ = {isa = PBXBuildFile; fileRef = 04EA845725DC237F00B68C48 /* SceneDelegate.swift */; };
		04EA845A25DC237F00B68C48 /* ViewController.swift in Sources */ = {isa = PBXBuildFile; fileRef = 04EA845925DC237F00B68C48 /* ViewController.swift */; };
		04EA845D25DC237F00B68C48 /* Main.storyboard in Resources */ = {isa = PBXBuildFile; fileRef = 04EA845B25DC237F00B68C48 /* Main.storyboard */; };
		04EA845F25DC238000B68C48 /* Assets.xcassets in Resources */ = {isa = PBXBuildFile; fileRef = 04EA845E25DC238000B68C48 /* Assets.xcassets */; };
		04EA846225DC238000B68C48 /* LaunchScreen.storyboard in Resources */ = {isa = PBXBuildFile; fileRef = 04EA846025DC238000B68C48 /* LaunchScreen.storyboard */; };
		04EA846D25DC238000B68C48 /* BeverbendeTests.swift in Sources */ = {isa = PBXBuildFile; fileRef = 04EA846C25DC238000B68C48 /* BeverbendeTests.swift */; };
		04EA847825DC238000B68C48 /* BeverbendeUITests.swift in Sources */ = {isa = PBXBuildFile; fileRef = 04EA847725DC238000B68C48 /* BeverbendeUITests.swift */; };
		5E1CC81025E54F0D00D1B515 /* Stack.swift in Sources */ = {isa = PBXBuildFile; fileRef = 5E1CC80F25E54F0D00D1B515 /* Stack.swift */; };
		80786DAF25E65A0500707799 /* Chunk.swift in Sources */ = {isa = PBXBuildFile; fileRef = 80786DAC25E65A0500707799 /* Chunk.swift */; };
		80786DB025E65A0500707799 /* Declarative.swift in Sources */ = {isa = PBXBuildFile; fileRef = 80786DAD25E65A0500707799 /* Declarative.swift */; };
		80786DB125E65A0500707799 /* Model.swift in Sources */ = {isa = PBXBuildFile; fileRef = 80786DAE25E65A0500707799 /* Model.swift */; };
		80786DB625E65A3100707799 /* Support.swift in Sources */ = {isa = PBXBuildFile; fileRef = 80786DB525E65A3100707799 /* Support.swift */; };
		80786DBC25E65A7000707799 /* cognitive_model.swift in Sources */ = {isa = PBXBuildFile; fileRef = 80786DBB25E65A7000707799 /* cognitive_model.swift */; };
		80AC09BE25ED798C0054B68D /* box_muller.swift in Sources */ = {isa = PBXBuildFile; fileRef = 80AC09BD25ED798C0054B68D /* box_muller.swift */; };
		F909C39B25E6621200848876 /* Player.swift in Sources */ = {isa = PBXBuildFile; fileRef = F909C39A25E6621200848876 /* Player.swift */; };
		F94B991F25EF95AA002FFEE3 /* BufferCondition.swift in Sources */ = {isa = PBXBuildFile; fileRef = F94B991425EF95AA002FFEE3 /* BufferCondition.swift */; };
		F94B992025EF95AA002FFEE3 /* Instantiation.swift in Sources */ = {isa = PBXBuildFile; fileRef = F94B991525EF95AA002FFEE3 /* Instantiation.swift */; };
		F94B992125EF95AA002FFEE3 /* SlotAction.swift in Sources */ = {isa = PBXBuildFile; fileRef = F94B991625EF95AA002FFEE3 /* SlotAction.swift */; };
		F94B992225EF95AA002FFEE3 /* Vision.swift in Sources */ = {isa = PBXBuildFile; fileRef = F94B991725EF95AA002FFEE3 /* Vision.swift */; };
		F94B992325EF95AA002FFEE3 /* Parser.swift in Sources */ = {isa = PBXBuildFile; fileRef = F94B991825EF95AA002FFEE3 /* Parser.swift */; };
		F94B992425EF95AA002FFEE3 /* Procedural.swift in Sources */ = {isa = PBXBuildFile; fileRef = F94B991925EF95AA002FFEE3 /* Procedural.swift */; };
		F94B992525EF95AA002FFEE3 /* Production.swift in Sources */ = {isa = PBXBuildFile; fileRef = F94B991A25EF95AA002FFEE3 /* Production.swift */; };
		F94B992625EF95AA002FFEE3 /* BufferAction.swift in Sources */ = {isa = PBXBuildFile; fileRef = F94B991B25EF95AA002FFEE3 /* BufferAction.swift */; };
		F94B992725EF95AA002FFEE3 /* SlotCondition.swift in Sources */ = {isa = PBXBuildFile; fileRef = F94B991C25EF95AA002FFEE3 /* SlotCondition.swift */; };
		F94B992825EF95AA002FFEE3 /* Temporal.swift in Sources */ = {isa = PBXBuildFile; fileRef = F94B991D25EF95AA002FFEE3 /* Temporal.swift */; };
		F94B992925EF95AA002FFEE3 /* Tokenizer.swift in Sources */ = {isa = PBXBuildFile; fileRef = F94B991E25EF95AA002FFEE3 /* Tokenizer.swift */; };
		F9CDFBC125DD267800CCAF9F /* Beverbende.swift in Sources */ = {isa = PBXBuildFile; fileRef = F9CDFBC025DD267400CCAF9F /* Beverbende.swift */; };
		F9CDFBC625DD279800CCAF9F /* Card.swift in Sources */ = {isa = PBXBuildFile; fileRef = F9CDFBC525DD279800CCAF9F /* Card.swift */; };
		F9CDFBCB25DD2EB600CCAF9F /* ValueCard.swift in Sources */ = {isa = PBXBuildFile; fileRef = F9CDFBCA25DD2EB600CCAF9F /* ValueCard.swift */; };
		F9CDFBD025DD307100CCAF9F /* ActionCard.swift in Sources */ = {isa = PBXBuildFile; fileRef = F9CDFBCF25DD307100CCAF9F /* ActionCard.swift */; };
/* End PBXBuildFile section */

/* Begin PBXContainerItemProxy section */
		04EA846925DC238000B68C48 /* PBXContainerItemProxy */ = {
			isa = PBXContainerItemProxy;
			containerPortal = 04EA844A25DC237F00B68C48 /* Project object */;
			proxyType = 1;
			remoteGlobalIDString = 04EA845125DC237F00B68C48;
			remoteInfo = Beverbende;
		};
		04EA847425DC238000B68C48 /* PBXContainerItemProxy */ = {
			isa = PBXContainerItemProxy;
			containerPortal = 04EA844A25DC237F00B68C48 /* Project object */;
			proxyType = 1;
			remoteGlobalIDString = 04EA845125DC237F00B68C48;
			remoteInfo = Beverbende;
		};
/* End PBXContainerItemProxy section */

/* Begin PBXFileReference section */
		04EA845225DC237F00B68C48 /* Beverbende.app */ = {isa = PBXFileReference; explicitFileType = wrapper.application; includeInIndex = 0; path = Beverbende.app; sourceTree = BUILT_PRODUCTS_DIR; };
		04EA845525DC237F00B68C48 /* AppDelegate.swift */ = {isa = PBXFileReference; lastKnownFileType = sourcecode.swift; path = AppDelegate.swift; sourceTree = "<group>"; };
		04EA845725DC237F00B68C48 /* SceneDelegate.swift */ = {isa = PBXFileReference; lastKnownFileType = sourcecode.swift; path = SceneDelegate.swift; sourceTree = "<group>"; };
		04EA845925DC237F00B68C48 /* ViewController.swift */ = {isa = PBXFileReference; lastKnownFileType = sourcecode.swift; path = ViewController.swift; sourceTree = "<group>"; };
		04EA845C25DC237F00B68C48 /* Base */ = {isa = PBXFileReference; lastKnownFileType = file.storyboard; name = Base; path = Base.lproj/Main.storyboard; sourceTree = "<group>"; };
		04EA845E25DC238000B68C48 /* Assets.xcassets */ = {isa = PBXFileReference; lastKnownFileType = folder.assetcatalog; path = Assets.xcassets; sourceTree = "<group>"; };
		04EA846125DC238000B68C48 /* Base */ = {isa = PBXFileReference; lastKnownFileType = file.storyboard; name = Base; path = Base.lproj/LaunchScreen.storyboard; sourceTree = "<group>"; };
		04EA846325DC238000B68C48 /* Info.plist */ = {isa = PBXFileReference; lastKnownFileType = text.plist.xml; path = Info.plist; sourceTree = "<group>"; };
		04EA846825DC238000B68C48 /* BeverbendeTests.xctest */ = {isa = PBXFileReference; explicitFileType = wrapper.cfbundle; includeInIndex = 0; path = BeverbendeTests.xctest; sourceTree = BUILT_PRODUCTS_DIR; };
		04EA846C25DC238000B68C48 /* BeverbendeTests.swift */ = {isa = PBXFileReference; lastKnownFileType = sourcecode.swift; path = BeverbendeTests.swift; sourceTree = "<group>"; };
		04EA846E25DC238000B68C48 /* Info.plist */ = {isa = PBXFileReference; lastKnownFileType = text.plist.xml; path = Info.plist; sourceTree = "<group>"; };
		04EA847325DC238000B68C48 /* BeverbendeUITests.xctest */ = {isa = PBXFileReference; explicitFileType = wrapper.cfbundle; includeInIndex = 0; path = BeverbendeUITests.xctest; sourceTree = BUILT_PRODUCTS_DIR; };
		04EA847725DC238000B68C48 /* BeverbendeUITests.swift */ = {isa = PBXFileReference; lastKnownFileType = sourcecode.swift; path = BeverbendeUITests.swift; sourceTree = "<group>"; };
		04EA847925DC238000B68C48 /* Info.plist */ = {isa = PBXFileReference; lastKnownFileType = text.plist.xml; path = Info.plist; sourceTree = "<group>"; };
		5E1CC80F25E54F0D00D1B515 /* Stack.swift */ = {isa = PBXFileReference; lastKnownFileType = sourcecode.swift; path = Stack.swift; sourceTree = "<group>"; };
		80786DAC25E65A0500707799 /* Chunk.swift */ = {isa = PBXFileReference; fileEncoding = 4; lastKnownFileType = sourcecode.swift; path = Chunk.swift; sourceTree = "<group>"; };
		80786DAD25E65A0500707799 /* Declarative.swift */ = {isa = PBXFileReference; fileEncoding = 4; lastKnownFileType = sourcecode.swift; path = Declarative.swift; sourceTree = "<group>"; };
		80786DAE25E65A0500707799 /* Model.swift */ = {isa = PBXFileReference; fileEncoding = 4; lastKnownFileType = sourcecode.swift; path = Model.swift; sourceTree = "<group>"; };
		80786DB525E65A3100707799 /* Support.swift */ = {isa = PBXFileReference; fileEncoding = 4; lastKnownFileType = sourcecode.swift; path = Support.swift; sourceTree = "<group>"; };
		80786DBB25E65A7000707799 /* cognitive_model.swift */ = {isa = PBXFileReference; fileEncoding = 4; lastKnownFileType = sourcecode.swift; path = cognitive_model.swift; sourceTree = "<group>"; };
		80AC09BD25ED798C0054B68D /* box_muller.swift */ = {isa = PBXFileReference; lastKnownFileType = sourcecode.swift; path = box_muller.swift; sourceTree = "<group>"; };
		F909C39A25E6621200848876 /* Player.swift */ = {isa = PBXFileReference; lastKnownFileType = sourcecode.swift; path = Player.swift; sourceTree = "<group>"; };
		F94B991425EF95AA002FFEE3 /* BufferCondition.swift */ = {isa = PBXFileReference; fileEncoding = 4; lastKnownFileType = sourcecode.swift; path = BufferCondition.swift; sourceTree = "<group>"; };
		F94B991525EF95AA002FFEE3 /* Instantiation.swift */ = {isa = PBXFileReference; fileEncoding = 4; lastKnownFileType = sourcecode.swift; path = Instantiation.swift; sourceTree = "<group>"; };
		F94B991625EF95AA002FFEE3 /* SlotAction.swift */ = {isa = PBXFileReference; fileEncoding = 4; lastKnownFileType = sourcecode.swift; path = SlotAction.swift; sourceTree = "<group>"; };
		F94B991725EF95AA002FFEE3 /* Vision.swift */ = {isa = PBXFileReference; fileEncoding = 4; lastKnownFileType = sourcecode.swift; path = Vision.swift; sourceTree = "<group>"; };
		F94B991825EF95AA002FFEE3 /* Parser.swift */ = {isa = PBXFileReference; fileEncoding = 4; lastKnownFileType = sourcecode.swift; path = Parser.swift; sourceTree = "<group>"; };
		F94B991925EF95AA002FFEE3 /* Procedural.swift */ = {isa = PBXFileReference; fileEncoding = 4; lastKnownFileType = sourcecode.swift; path = Procedural.swift; sourceTree = "<group>"; };
		F94B991A25EF95AA002FFEE3 /* Production.swift */ = {isa = PBXFileReference; fileEncoding = 4; lastKnownFileType = sourcecode.swift; path = Production.swift; sourceTree = "<group>"; };
		F94B991B25EF95AA002FFEE3 /* BufferAction.swift */ = {isa = PBXFileReference; fileEncoding = 4; lastKnownFileType = sourcecode.swift; path = BufferAction.swift; sourceTree = "<group>"; };
		F94B991C25EF95AA002FFEE3 /* SlotCondition.swift */ = {isa = PBXFileReference; fileEncoding = 4; lastKnownFileType = sourcecode.swift; path = SlotCondition.swift; sourceTree = "<group>"; };
		F94B991D25EF95AA002FFEE3 /* Temporal.swift */ = {isa = PBXFileReference; fileEncoding = 4; lastKnownFileType = sourcecode.swift; path = Temporal.swift; sourceTree = "<group>"; };
		F94B991E25EF95AA002FFEE3 /* Tokenizer.swift */ = {isa = PBXFileReference; fileEncoding = 4; lastKnownFileType = sourcecode.swift; path = Tokenizer.swift; sourceTree = "<group>"; };
		F9CDFBC025DD267400CCAF9F /* Beverbende.swift */ = {isa = PBXFileReference; lastKnownFileType = sourcecode.swift; path = Beverbende.swift; sourceTree = "<group>"; };
		F9CDFBC525DD279800CCAF9F /* Card.swift */ = {isa = PBXFileReference; lastKnownFileType = sourcecode.swift; path = Card.swift; sourceTree = "<group>"; };
		F9CDFBCA25DD2EB600CCAF9F /* ValueCard.swift */ = {isa = PBXFileReference; lastKnownFileType = sourcecode.swift; path = ValueCard.swift; sourceTree = "<group>"; };
		F9CDFBCF25DD307100CCAF9F /* ActionCard.swift */ = {isa = PBXFileReference; lastKnownFileType = sourcecode.swift; path = ActionCard.swift; sourceTree = "<group>"; };
/* End PBXFileReference section */

/* Begin PBXFrameworksBuildPhase section */
		04EA844F25DC237F00B68C48 /* Frameworks */ = {
			isa = PBXFrameworksBuildPhase;
			buildActionMask = 2147483647;
			files = (
			);
			runOnlyForDeploymentPostprocessing = 0;
		};
		04EA846525DC238000B68C48 /* Frameworks */ = {
			isa = PBXFrameworksBuildPhase;
			buildActionMask = 2147483647;
			files = (
			);
			runOnlyForDeploymentPostprocessing = 0;
		};
		04EA847025DC238000B68C48 /* Frameworks */ = {
			isa = PBXFrameworksBuildPhase;
			buildActionMask = 2147483647;
			files = (
			);
			runOnlyForDeploymentPostprocessing = 0;
		};
/* End PBXFrameworksBuildPhase section */

/* Begin PBXGroup section */
		04EA844925DC237F00B68C48 = {
			isa = PBXGroup;
			children = (
				04EA845425DC237F00B68C48 /* Beverbende */,
				04EA846B25DC238000B68C48 /* BeverbendeTests */,
				04EA847625DC238000B68C48 /* BeverbendeUITests */,
				04EA845325DC237F00B68C48 /* Products */,
			);
			sourceTree = "<group>";
		};
		04EA845325DC237F00B68C48 /* Products */ = {
			isa = PBXGroup;
			children = (
				04EA845225DC237F00B68C48 /* Beverbende.app */,
				04EA846825DC238000B68C48 /* BeverbendeTests.xctest */,
				04EA847325DC238000B68C48 /* BeverbendeUITests.xctest */,
			);
			name = Products;
			sourceTree = "<group>";
		};
		04EA845425DC237F00B68C48 /* Beverbende */ = {
			isa = PBXGroup;
			children = (
				04EA848825DC243E00B68C48 /* Supporting Files */,
				04EA845925DC237F00B68C48 /* ViewController.swift */,
				04EA845B25DC237F00B68C48 /* Main.storyboard */,
				04EA846025DC238000B68C48 /* LaunchScreen.storyboard */,
				04EA846325DC238000B68C48 /* Info.plist */,
				F9CDFBC025DD267400CCAF9F /* Beverbende.swift */,
				F9CDFBC525DD279800CCAF9F /* Card.swift */,
				F9CDFBCA25DD2EB600CCAF9F /* ValueCard.swift */,
				80786DBB25E65A7000707799 /* cognitive_model.swift */,
				F9CDFBCF25DD307100CCAF9F /* ActionCard.swift */,
				5E1CC80F25E54F0D00D1B515 /* Stack.swift */,
				80786DBA25E65A4300707799 /* CoreACTR */,
				F909C39A25E6621200848876 /* Player.swift */,
			);
			path = Beverbende;
			sourceTree = "<group>";
		};
		04EA846B25DC238000B68C48 /* BeverbendeTests */ = {
			isa = PBXGroup;
			children = (
				04EA846C25DC238000B68C48 /* BeverbendeTests.swift */,
				04EA846E25DC238000B68C48 /* Info.plist */,
			);
			path = BeverbendeTests;
			sourceTree = "<group>";
		};
		04EA847625DC238000B68C48 /* BeverbendeUITests */ = {
			isa = PBXGroup;
			children = (
				04EA847725DC238000B68C48 /* BeverbendeUITests.swift */,
				04EA847925DC238000B68C48 /* Info.plist */,
			);
			path = BeverbendeUITests;
			sourceTree = "<group>";
		};
		04EA848825DC243E00B68C48 /* Supporting Files */ = {
			isa = PBXGroup;
			children = (
				80786DB525E65A3100707799 /* Support.swift */,
				04EA845E25DC238000B68C48 /* Assets.xcassets */,
				04EA845525DC237F00B68C48 /* AppDelegate.swift */,
				04EA845725DC237F00B68C48 /* SceneDelegate.swift */,
				80AC09BD25ED798C0054B68D /* box_muller.swift */,
			);
			path = "Supporting Files";
			sourceTree = "<group>";
		};
		80786DBA25E65A4300707799 /* CoreACTR */ = {
			isa = PBXGroup;
			children = (
				F94B991B25EF95AA002FFEE3 /* BufferAction.swift */,
				F94B991425EF95AA002FFEE3 /* BufferCondition.swift */,
				F94B991525EF95AA002FFEE3 /* Instantiation.swift */,
				F94B991825EF95AA002FFEE3 /* Parser.swift */,
				F94B991925EF95AA002FFEE3 /* Procedural.swift */,
				F94B991A25EF95AA002FFEE3 /* Production.swift */,
				F94B991625EF95AA002FFEE3 /* SlotAction.swift */,
				F94B991C25EF95AA002FFEE3 /* SlotCondition.swift */,
				F94B991D25EF95AA002FFEE3 /* Temporal.swift */,
				F94B991E25EF95AA002FFEE3 /* Tokenizer.swift */,
				F94B991725EF95AA002FFEE3 /* Vision.swift */,
				80786DAC25E65A0500707799 /* Chunk.swift */,
				80786DAD25E65A0500707799 /* Declarative.swift */,
				80786DAE25E65A0500707799 /* Model.swift */,
			);
			path = CoreACTR;
			sourceTree = "<group>";
		};
/* End PBXGroup section */

/* Begin PBXNativeTarget section */
		04EA845125DC237F00B68C48 /* Beverbende */ = {
			isa = PBXNativeTarget;
			buildConfigurationList = 04EA847C25DC238000B68C48 /* Build configuration list for PBXNativeTarget "Beverbende" */;
			buildPhases = (
				04EA844E25DC237F00B68C48 /* Sources */,
				04EA844F25DC237F00B68C48 /* Frameworks */,
				04EA845025DC237F00B68C48 /* Resources */,
			);
			buildRules = (
			);
			dependencies = (
			);
			name = Beverbende;
			productName = Beverbende;
			productReference = 04EA845225DC237F00B68C48 /* Beverbende.app */;
			productType = "com.apple.product-type.application";
		};
		04EA846725DC238000B68C48 /* BeverbendeTests */ = {
			isa = PBXNativeTarget;
			buildConfigurationList = 04EA847F25DC238000B68C48 /* Build configuration list for PBXNativeTarget "BeverbendeTests" */;
			buildPhases = (
				04EA846425DC238000B68C48 /* Sources */,
				04EA846525DC238000B68C48 /* Frameworks */,
				04EA846625DC238000B68C48 /* Resources */,
			);
			buildRules = (
			);
			dependencies = (
				04EA846A25DC238000B68C48 /* PBXTargetDependency */,
			);
			name = BeverbendeTests;
			productName = BeverbendeTests;
			productReference = 04EA846825DC238000B68C48 /* BeverbendeTests.xctest */;
			productType = "com.apple.product-type.bundle.unit-test";
		};
		04EA847225DC238000B68C48 /* BeverbendeUITests */ = {
			isa = PBXNativeTarget;
			buildConfigurationList = 04EA848225DC238000B68C48 /* Build configuration list for PBXNativeTarget "BeverbendeUITests" */;
			buildPhases = (
				04EA846F25DC238000B68C48 /* Sources */,
				04EA847025DC238000B68C48 /* Frameworks */,
				04EA847125DC238000B68C48 /* Resources */,
			);
			buildRules = (
			);
			dependencies = (
				04EA847525DC238000B68C48 /* PBXTargetDependency */,
			);
			name = BeverbendeUITests;
			productName = BeverbendeUITests;
			productReference = 04EA847325DC238000B68C48 /* BeverbendeUITests.xctest */;
			productType = "com.apple.product-type.bundle.ui-testing";
		};
/* End PBXNativeTarget section */

/* Begin PBXProject section */
		04EA844A25DC237F00B68C48 /* Project object */ = {
			isa = PBXProject;
			attributes = {
				LastSwiftUpdateCheck = 1240;
				LastUpgradeCheck = 1240;
				TargetAttributes = {
					04EA845125DC237F00B68C48 = {
						CreatedOnToolsVersion = 12.4;
					};
					04EA846725DC238000B68C48 = {
						CreatedOnToolsVersion = 12.4;
						TestTargetID = 04EA845125DC237F00B68C48;
					};
					04EA847225DC238000B68C48 = {
						CreatedOnToolsVersion = 12.4;
						TestTargetID = 04EA845125DC237F00B68C48;
					};
				};
			};
			buildConfigurationList = 04EA844D25DC237F00B68C48 /* Build configuration list for PBXProject "Beverbende" */;
			compatibilityVersion = "Xcode 9.3";
			developmentRegion = en;
			hasScannedForEncodings = 0;
			knownRegions = (
				en,
				Base,
			);
			mainGroup = 04EA844925DC237F00B68C48;
			productRefGroup = 04EA845325DC237F00B68C48 /* Products */;
			projectDirPath = "";
			projectRoot = "";
			targets = (
				04EA845125DC237F00B68C48 /* Beverbende */,
				04EA846725DC238000B68C48 /* BeverbendeTests */,
				04EA847225DC238000B68C48 /* BeverbendeUITests */,
			);
		};
/* End PBXProject section */

/* Begin PBXResourcesBuildPhase section */
		04EA845025DC237F00B68C48 /* Resources */ = {
			isa = PBXResourcesBuildPhase;
			buildActionMask = 2147483647;
			files = (
				04EA846225DC238000B68C48 /* LaunchScreen.storyboard in Resources */,
				04EA845F25DC238000B68C48 /* Assets.xcassets in Resources */,
				04EA845D25DC237F00B68C48 /* Main.storyboard in Resources */,
			);
			runOnlyForDeploymentPostprocessing = 0;
		};
		04EA846625DC238000B68C48 /* Resources */ = {
			isa = PBXResourcesBuildPhase;
			buildActionMask = 2147483647;
			files = (
			);
			runOnlyForDeploymentPostprocessing = 0;
		};
		04EA847125DC238000B68C48 /* Resources */ = {
			isa = PBXResourcesBuildPhase;
			buildActionMask = 2147483647;
			files = (
			);
			runOnlyForDeploymentPostprocessing = 0;
		};
/* End PBXResourcesBuildPhase section */

/* Begin PBXSourcesBuildPhase section */
		04EA844E25DC237F00B68C48 /* Sources */ = {
			isa = PBXSourcesBuildPhase;
			buildActionMask = 2147483647;
			files = (
				80AC09BE25ED798C0054B68D /* box_muller.swift in Sources */,
				F94B991F25EF95AA002FFEE3 /* BufferCondition.swift in Sources */,
				80786DB025E65A0500707799 /* Declarative.swift in Sources */,
				F94B992125EF95AA002FFEE3 /* SlotAction.swift in Sources */,
				F94B992825EF95AA002FFEE3 /* Temporal.swift in Sources */,
				F94B992525EF95AA002FFEE3 /* Production.swift in Sources */,
				F94B992025EF95AA002FFEE3 /* Instantiation.swift in Sources */,
				04EA845A25DC237F00B68C48 /* ViewController.swift in Sources */,
				F94B992725EF95AA002FFEE3 /* SlotCondition.swift in Sources */,
				F9CDFBC125DD267800CCAF9F /* Beverbende.swift in Sources */,
				F94B992225EF95AA002FFEE3 /* Vision.swift in Sources */,
				F9CDFBD025DD307100CCAF9F /* ActionCard.swift in Sources */,
				F94B992425EF95AA002FFEE3 /* Procedural.swift in Sources */,
				F909C39B25E6621200848876 /* Player.swift in Sources */,
				F9CDFBC625DD279800CCAF9F /* Card.swift in Sources */,
				80786DB625E65A3100707799 /* Support.swift in Sources */,
				F94B992325EF95AA002FFEE3 /* Parser.swift in Sources */,
				80786DBC25E65A7000707799 /* cognitive_model.swift in Sources */,
				5E1CC81025E54F0D00D1B515 /* Stack.swift in Sources */,
				F9CDFBCB25DD2EB600CCAF9F /* ValueCard.swift in Sources */,
				04EA845625DC237F00B68C48 /* AppDelegate.swift in Sources */,
				F94B992625EF95AA002FFEE3 /* BufferAction.swift in Sources */,
				80786DB125E65A0500707799 /* Model.swift in Sources */,
				F94B992925EF95AA002FFEE3 /* Tokenizer.swift in Sources */,
				04EA845825DC237F00B68C48 /* SceneDelegate.swift in Sources */,
				80786DAF25E65A0500707799 /* Chunk.swift in Sources */,
			);
			runOnlyForDeploymentPostprocessing = 0;
		};
		04EA846425DC238000B68C48 /* Sources */ = {
			isa = PBXSourcesBuildPhase;
			buildActionMask = 2147483647;
			files = (
				04EA846D25DC238000B68C48 /* BeverbendeTests.swift in Sources */,
			);
			runOnlyForDeploymentPostprocessing = 0;
		};
		04EA846F25DC238000B68C48 /* Sources */ = {
			isa = PBXSourcesBuildPhase;
			buildActionMask = 2147483647;
			files = (
				04EA847825DC238000B68C48 /* BeverbendeUITests.swift in Sources */,
			);
			runOnlyForDeploymentPostprocessing = 0;
		};
/* End PBXSourcesBuildPhase section */

/* Begin PBXTargetDependency section */
		04EA846A25DC238000B68C48 /* PBXTargetDependency */ = {
			isa = PBXTargetDependency;
			target = 04EA845125DC237F00B68C48 /* Beverbende */;
			targetProxy = 04EA846925DC238000B68C48 /* PBXContainerItemProxy */;
		};
		04EA847525DC238000B68C48 /* PBXTargetDependency */ = {
			isa = PBXTargetDependency;
			target = 04EA845125DC237F00B68C48 /* Beverbende */;
			targetProxy = 04EA847425DC238000B68C48 /* PBXContainerItemProxy */;
		};
/* End PBXTargetDependency section */

/* Begin PBXVariantGroup section */
		04EA845B25DC237F00B68C48 /* Main.storyboard */ = {
			isa = PBXVariantGroup;
			children = (
				04EA845C25DC237F00B68C48 /* Base */,
			);
			name = Main.storyboard;
			sourceTree = "<group>";
		};
		04EA846025DC238000B68C48 /* LaunchScreen.storyboard */ = {
			isa = PBXVariantGroup;
			children = (
				04EA846125DC238000B68C48 /* Base */,
			);
			name = LaunchScreen.storyboard;
			sourceTree = "<group>";
		};
/* End PBXVariantGroup section */

/* Begin XCBuildConfiguration section */
		04EA847A25DC238000B68C48 /* Debug */ = {
			isa = XCBuildConfiguration;
			buildSettings = {
				ALWAYS_SEARCH_USER_PATHS = NO;
				CLANG_ANALYZER_NONNULL = YES;
				CLANG_ANALYZER_NUMBER_OBJECT_CONVERSION = YES_AGGRESSIVE;
				CLANG_CXX_LANGUAGE_STANDARD = "gnu++14";
				CLANG_CXX_LIBRARY = "libc++";
				CLANG_ENABLE_MODULES = YES;
				CLANG_ENABLE_OBJC_ARC = YES;
				CLANG_ENABLE_OBJC_WEAK = YES;
				CLANG_WARN_BLOCK_CAPTURE_AUTORELEASING = YES;
				CLANG_WARN_BOOL_CONVERSION = YES;
				CLANG_WARN_COMMA = YES;
				CLANG_WARN_CONSTANT_CONVERSION = YES;
				CLANG_WARN_DEPRECATED_OBJC_IMPLEMENTATIONS = YES;
				CLANG_WARN_DIRECT_OBJC_ISA_USAGE = YES_ERROR;
				CLANG_WARN_DOCUMENTATION_COMMENTS = YES;
				CLANG_WARN_EMPTY_BODY = YES;
				CLANG_WARN_ENUM_CONVERSION = YES;
				CLANG_WARN_INFINITE_RECURSION = YES;
				CLANG_WARN_INT_CONVERSION = YES;
				CLANG_WARN_NON_LITERAL_NULL_CONVERSION = YES;
				CLANG_WARN_OBJC_IMPLICIT_RETAIN_SELF = YES;
				CLANG_WARN_OBJC_LITERAL_CONVERSION = YES;
				CLANG_WARN_OBJC_ROOT_CLASS = YES_ERROR;
				CLANG_WARN_QUOTED_INCLUDE_IN_FRAMEWORK_HEADER = YES;
				CLANG_WARN_RANGE_LOOP_ANALYSIS = YES;
				CLANG_WARN_STRICT_PROTOTYPES = YES;
				CLANG_WARN_SUSPICIOUS_MOVE = YES;
				CLANG_WARN_UNGUARDED_AVAILABILITY = YES_AGGRESSIVE;
				CLANG_WARN_UNREACHABLE_CODE = YES;
				CLANG_WARN__DUPLICATE_METHOD_MATCH = YES;
				COPY_PHASE_STRIP = NO;
				DEBUG_INFORMATION_FORMAT = dwarf;
				ENABLE_STRICT_OBJC_MSGSEND = YES;
				ENABLE_TESTABILITY = YES;
				GCC_C_LANGUAGE_STANDARD = gnu11;
				GCC_DYNAMIC_NO_PIC = NO;
				GCC_NO_COMMON_BLOCKS = YES;
				GCC_OPTIMIZATION_LEVEL = 0;
				GCC_PREPROCESSOR_DEFINITIONS = (
					"DEBUG=1",
					"$(inherited)",
				);
				GCC_WARN_64_TO_32_BIT_CONVERSION = YES;
				GCC_WARN_ABOUT_RETURN_TYPE = YES_ERROR;
				GCC_WARN_UNDECLARED_SELECTOR = YES;
				GCC_WARN_UNINITIALIZED_AUTOS = YES_AGGRESSIVE;
				GCC_WARN_UNUSED_FUNCTION = YES;
				GCC_WARN_UNUSED_VARIABLE = YES;
				IPHONEOS_DEPLOYMENT_TARGET = 14.4;
				MTL_ENABLE_DEBUG_INFO = INCLUDE_SOURCE;
				MTL_FAST_MATH = YES;
				ONLY_ACTIVE_ARCH = YES;
				SDKROOT = iphoneos;
				SWIFT_ACTIVE_COMPILATION_CONDITIONS = DEBUG;
				SWIFT_OPTIMIZATION_LEVEL = "-Onone";
			};
			name = Debug;
		};
		04EA847B25DC238000B68C48 /* Release */ = {
			isa = XCBuildConfiguration;
			buildSettings = {
				ALWAYS_SEARCH_USER_PATHS = NO;
				CLANG_ANALYZER_NONNULL = YES;
				CLANG_ANALYZER_NUMBER_OBJECT_CONVERSION = YES_AGGRESSIVE;
				CLANG_CXX_LANGUAGE_STANDARD = "gnu++14";
				CLANG_CXX_LIBRARY = "libc++";
				CLANG_ENABLE_MODULES = YES;
				CLANG_ENABLE_OBJC_ARC = YES;
				CLANG_ENABLE_OBJC_WEAK = YES;
				CLANG_WARN_BLOCK_CAPTURE_AUTORELEASING = YES;
				CLANG_WARN_BOOL_CONVERSION = YES;
				CLANG_WARN_COMMA = YES;
				CLANG_WARN_CONSTANT_CONVERSION = YES;
				CLANG_WARN_DEPRECATED_OBJC_IMPLEMENTATIONS = YES;
				CLANG_WARN_DIRECT_OBJC_ISA_USAGE = YES_ERROR;
				CLANG_WARN_DOCUMENTATION_COMMENTS = YES;
				CLANG_WARN_EMPTY_BODY = YES;
				CLANG_WARN_ENUM_CONVERSION = YES;
				CLANG_WARN_INFINITE_RECURSION = YES;
				CLANG_WARN_INT_CONVERSION = YES;
				CLANG_WARN_NON_LITERAL_NULL_CONVERSION = YES;
				CLANG_WARN_OBJC_IMPLICIT_RETAIN_SELF = YES;
				CLANG_WARN_OBJC_LITERAL_CONVERSION = YES;
				CLANG_WARN_OBJC_ROOT_CLASS = YES_ERROR;
				CLANG_WARN_QUOTED_INCLUDE_IN_FRAMEWORK_HEADER = YES;
				CLANG_WARN_RANGE_LOOP_ANALYSIS = YES;
				CLANG_WARN_STRICT_PROTOTYPES = YES;
				CLANG_WARN_SUSPICIOUS_MOVE = YES;
				CLANG_WARN_UNGUARDED_AVAILABILITY = YES_AGGRESSIVE;
				CLANG_WARN_UNREACHABLE_CODE = YES;
				CLANG_WARN__DUPLICATE_METHOD_MATCH = YES;
				COPY_PHASE_STRIP = NO;
				DEBUG_INFORMATION_FORMAT = "dwarf-with-dsym";
				ENABLE_NS_ASSERTIONS = NO;
				ENABLE_STRICT_OBJC_MSGSEND = YES;
				GCC_C_LANGUAGE_STANDARD = gnu11;
				GCC_NO_COMMON_BLOCKS = YES;
				GCC_WARN_64_TO_32_BIT_CONVERSION = YES;
				GCC_WARN_ABOUT_RETURN_TYPE = YES_ERROR;
				GCC_WARN_UNDECLARED_SELECTOR = YES;
				GCC_WARN_UNINITIALIZED_AUTOS = YES_AGGRESSIVE;
				GCC_WARN_UNUSED_FUNCTION = YES;
				GCC_WARN_UNUSED_VARIABLE = YES;
				IPHONEOS_DEPLOYMENT_TARGET = 14.4;
				MTL_ENABLE_DEBUG_INFO = NO;
				MTL_FAST_MATH = YES;
				SDKROOT = iphoneos;
				SWIFT_COMPILATION_MODE = wholemodule;
				SWIFT_OPTIMIZATION_LEVEL = "-O";
				VALIDATE_PRODUCT = YES;
			};
			name = Release;
		};
		04EA847D25DC238000B68C48 /* Debug */ = {
			isa = XCBuildConfiguration;
			buildSettings = {
				ASSETCATALOG_COMPILER_APPICON_NAME = AppIcon;
				ASSETCATALOG_COMPILER_GLOBAL_ACCENT_COLOR_NAME = AccentColor;
				CODE_SIGN_STYLE = Automatic;
				DEVELOPMENT_TEAM = BX6AAZ8648;
				INFOPLIST_FILE = Beverbende/Info.plist;
				LD_RUNPATH_SEARCH_PATHS = (
					"$(inherited)",
					"@executable_path/Frameworks",
				);
				PRODUCT_BUNDLE_IDENTIFIER = Group1.Beverbende;
				PRODUCT_NAME = "$(TARGET_NAME)";
				SWIFT_VERSION = 5.0;
				TARGETED_DEVICE_FAMILY = "1,2";
			};
			name = Debug;
		};
		04EA847E25DC238000B68C48 /* Release */ = {
			isa = XCBuildConfiguration;
			buildSettings = {
				ASSETCATALOG_COMPILER_APPICON_NAME = AppIcon;
				ASSETCATALOG_COMPILER_GLOBAL_ACCENT_COLOR_NAME = AccentColor;
				CODE_SIGN_STYLE = Automatic;
				DEVELOPMENT_TEAM = BX6AAZ8648;
				INFOPLIST_FILE = Beverbende/Info.plist;
				LD_RUNPATH_SEARCH_PATHS = (
					"$(inherited)",
					"@executable_path/Frameworks",
				);
				PRODUCT_BUNDLE_IDENTIFIER = Group1.Beverbende;
				PRODUCT_NAME = "$(TARGET_NAME)";
				SWIFT_VERSION = 5.0;
				TARGETED_DEVICE_FAMILY = "1,2";
			};
			name = Release;
		};
		04EA848025DC238000B68C48 /* Debug */ = {
			isa = XCBuildConfiguration;
			buildSettings = {
				ALWAYS_EMBED_SWIFT_STANDARD_LIBRARIES = YES;
				BUNDLE_LOADER = "$(TEST_HOST)";
				CODE_SIGN_STYLE = Automatic;
				DEVELOPMENT_TEAM = BX6AAZ8648;
				INFOPLIST_FILE = BeverbendeTests/Info.plist;
				IPHONEOS_DEPLOYMENT_TARGET = 14.4;
				LD_RUNPATH_SEARCH_PATHS = (
					"$(inherited)",
					"@executable_path/Frameworks",
					"@loader_path/Frameworks",
				);
				PRODUCT_BUNDLE_IDENTIFIER = Group1.BeverbendeTests;
				PRODUCT_NAME = "$(TARGET_NAME)";
				SWIFT_VERSION = 5.0;
				TARGETED_DEVICE_FAMILY = "1,2";
				TEST_HOST = "$(BUILT_PRODUCTS_DIR)/Beverbende.app/Beverbende";
			};
			name = Debug;
		};
		04EA848125DC238000B68C48 /* Release */ = {
			isa = XCBuildConfiguration;
			buildSettings = {
				ALWAYS_EMBED_SWIFT_STANDARD_LIBRARIES = YES;
				BUNDLE_LOADER = "$(TEST_HOST)";
				CODE_SIGN_STYLE = Automatic;
				DEVELOPMENT_TEAM = BX6AAZ8648;
				INFOPLIST_FILE = BeverbendeTests/Info.plist;
				IPHONEOS_DEPLOYMENT_TARGET = 14.4;
				LD_RUNPATH_SEARCH_PATHS = (
					"$(inherited)",
					"@executable_path/Frameworks",
					"@loader_path/Frameworks",
				);
				PRODUCT_BUNDLE_IDENTIFIER = Group1.BeverbendeTests;
				PRODUCT_NAME = "$(TARGET_NAME)";
				SWIFT_VERSION = 5.0;
				TARGETED_DEVICE_FAMILY = "1,2";
				TEST_HOST = "$(BUILT_PRODUCTS_DIR)/Beverbende.app/Beverbende";
			};
			name = Release;
		};
		04EA848325DC238000B68C48 /* Debug */ = {
			isa = XCBuildConfiguration;
			buildSettings = {
				ALWAYS_EMBED_SWIFT_STANDARD_LIBRARIES = YES;
				CODE_SIGN_STYLE = Automatic;
				DEVELOPMENT_TEAM = BX6AAZ8648;
				INFOPLIST_FILE = BeverbendeUITests/Info.plist;
				LD_RUNPATH_SEARCH_PATHS = (
					"$(inherited)",
					"@executable_path/Frameworks",
					"@loader_path/Frameworks",
				);
				PRODUCT_BUNDLE_IDENTIFIER = Group1.BeverbendeUITests;
				PRODUCT_NAME = "$(TARGET_NAME)";
				SWIFT_VERSION = 5.0;
				TARGETED_DEVICE_FAMILY = "1,2";
				TEST_TARGET_NAME = Beverbende;
			};
			name = Debug;
		};
		04EA848425DC238000B68C48 /* Release */ = {
			isa = XCBuildConfiguration;
			buildSettings = {
				ALWAYS_EMBED_SWIFT_STANDARD_LIBRARIES = YES;
				CODE_SIGN_STYLE = Automatic;
				DEVELOPMENT_TEAM = BX6AAZ8648;
				INFOPLIST_FILE = BeverbendeUITests/Info.plist;
				LD_RUNPATH_SEARCH_PATHS = (
					"$(inherited)",
					"@executable_path/Frameworks",
					"@loader_path/Frameworks",
				);
				PRODUCT_BUNDLE_IDENTIFIER = Group1.BeverbendeUITests;
				PRODUCT_NAME = "$(TARGET_NAME)";
				SWIFT_VERSION = 5.0;
				TARGETED_DEVICE_FAMILY = "1,2";
				TEST_TARGET_NAME = Beverbende;
			};
			name = Release;
		};
/* End XCBuildConfiguration section */

/* Begin XCConfigurationList section */
		04EA844D25DC237F00B68C48 /* Build configuration list for PBXProject "Beverbende" */ = {
			isa = XCConfigurationList;
			buildConfigurations = (
				04EA847A25DC238000B68C48 /* Debug */,
				04EA847B25DC238000B68C48 /* Release */,
			);
			defaultConfigurationIsVisible = 0;
			defaultConfigurationName = Release;
		};
		04EA847C25DC238000B68C48 /* Build configuration list for PBXNativeTarget "Beverbende" */ = {
			isa = XCConfigurationList;
			buildConfigurations = (
				04EA847D25DC238000B68C48 /* Debug */,
				04EA847E25DC238000B68C48 /* Release */,
			);
			defaultConfigurationIsVisible = 0;
			defaultConfigurationName = Release;
		};
		04EA847F25DC238000B68C48 /* Build configuration list for PBXNativeTarget "BeverbendeTests" */ = {
			isa = XCConfigurationList;
			buildConfigurations = (
				04EA848025DC238000B68C48 /* Debug */,
				04EA848125DC238000B68C48 /* Release */,
			);
			defaultConfigurationIsVisible = 0;
			defaultConfigurationName = Release;
		};
		04EA848225DC238000B68C48 /* Build configuration list for PBXNativeTarget "BeverbendeUITests" */ = {
			isa = XCConfigurationList;
			buildConfigurations = (
				04EA848325DC238000B68C48 /* Debug */,
				04EA848425DC238000B68C48 /* Release */,
			);
			defaultConfigurationIsVisible = 0;
			defaultConfigurationName = Release;
		};
/* End XCConfigurationList section */
	};
	rootObject = 04EA844A25DC237F00B68C48 /* Project object */;
}
